
Microsoft Visual Studio Solution File, Format Version 12.00
# Visual Studio 15
VisualStudioVersion = 15.0.27703.2042
MinimumVisualStudioVersion = 10.0.40219.1
Project("{FAE04EC0-301F-11D3-BF4B-00C04F79EFBC}") = "URI1096Sequencial2", "URI1096Sequencial2.csproj", "{5630D165-EBA3-40BB-9205-17D45EF6BA55}"
EndProject
Global
	GlobalSection(SolutionConfigurationPlatforms) = preSolution
		Debug|Any CPU = Debug|Any CPU
		Release|Any CPU = Release|Any CPU
	EndGlobalSection
	GlobalSection(ProjectConfigurationPlatforms) = postSolution
		{5630D165-EBA3-40BB-9205-17D45EF6BA55}.Debug|Any CPU.ActiveCfg = Debug|Any CPU
		{5630D165-EBA3-40BB-9205-17D45EF6BA55}.Debug|Any CPU.Build.0 = Debug|Any CPU
		{5630D165-EBA3-40BB-9205-17D45EF6BA55}.Release|Any CPU.ActiveCfg = Release|Any CPU
		{5630D165-EBA3-40BB-9205-17D45EF6BA55}.Release|Any CPU.Build.0 = Release|Any CPU
	EndGlobalSection
	GlobalSection(SolutionProperties) = preSolution
		HideSolutionNode = FALSE
	EndGlobalSection
	GlobalSection(ExtensibilityGlobals) = postSolution
		SolutionGuid = {C5D30DF9-D68F-4523-A692-F6D901487F1E}
	EndGlobalSection
EndGlobal
