
Microsoft Visual Studio Solution File, Format Version 12.00
# Visual Studio 15
VisualStudioVersion = 15.0.27703.2042
MinimumVisualStudioVersion = 10.0.40219.1
Project("{FAE04EC0-301F-11D3-BF4B-00C04F79EFBC}") = "URI1042SortSimples", "URI1042SortSimples.csproj", "{0A551C37-B0ED-475F-8565-10469F221624}"
EndProject
Global
	GlobalSection(SolutionConfigurationPlatforms) = preSolution
		Debug|Any CPU = Debug|Any CPU
		Release|Any CPU = Release|Any CPU
	EndGlobalSection
	GlobalSection(ProjectConfigurationPlatforms) = postSolution
		{0A551C37-B0ED-475F-8565-10469F221624}.Debug|Any CPU.ActiveCfg = Debug|Any CPU
		{0A551C37-B0ED-475F-8565-10469F221624}.Debug|Any CPU.Build.0 = Debug|Any CPU
		{0A551C37-B0ED-475F-8565-10469F221624}.Release|Any CPU.ActiveCfg = Release|Any CPU
		{0A551C37-B0ED-475F-8565-10469F221624}.Release|Any CPU.Build.0 = Release|Any CPU
	EndGlobalSection
	GlobalSection(SolutionProperties) = preSolution
		HideSolutionNode = FALSE
	EndGlobalSection
	GlobalSection(ExtensibilityGlobals) = postSolution
		SolutionGuid = {CEECE696-8402-45FD-93BF-136D9534BF71}
	EndGlobalSection
EndGlobal
