
Microsoft Visual Studio Solution File, Format Version 12.00
# Visual Studio 15
VisualStudioVersion = 15.0.27703.2042
MinimumVisualStudioVersion = 10.0.40219.1
Project("{FAE04EC0-301F-11D3-BF4B-00C04F79EFBC}") = "URI1133RESTODIVISAO", "URI1133RESTODIVISAO.csproj", "{D2C8592D-36F5-4B93-8B99-3B80AB662F07}"
EndProject
Global
	GlobalSection(SolutionConfigurationPlatforms) = preSolution
		Debug|Any CPU = Debug|Any CPU
		Release|Any CPU = Release|Any CPU
	EndGlobalSection
	GlobalSection(ProjectConfigurationPlatforms) = postSolution
		{D2C8592D-36F5-4B93-8B99-3B80AB662F07}.Debug|Any CPU.ActiveCfg = Debug|Any CPU
		{D2C8592D-36F5-4B93-8B99-3B80AB662F07}.Debug|Any CPU.Build.0 = Debug|Any CPU
		{D2C8592D-36F5-4B93-8B99-3B80AB662F07}.Release|Any CPU.ActiveCfg = Release|Any CPU
		{D2C8592D-36F5-4B93-8B99-3B80AB662F07}.Release|Any CPU.Build.0 = Release|Any CPU
	EndGlobalSection
	GlobalSection(SolutionProperties) = preSolution
		HideSolutionNode = FALSE
	EndGlobalSection
	GlobalSection(ExtensibilityGlobals) = postSolution
		SolutionGuid = {BF962E72-A105-4E44-ACF0-889A6CE444B1}
	EndGlobalSection
EndGlobal
