
Microsoft Visual Studio Solution File, Format Version 12.00
# Visual Studio 15
VisualStudioVersion = 15.0.27703.2042
MinimumVisualStudioVersion = 10.0.40219.1
Project("{FAE04EC0-301F-11D3-BF4B-00C04F79EFBC}") = "URI1016Distancia1", "URI1016Distancia1\URI1016Distancia1.csproj", "{82076D18-42A5-41CE-ADA6-60CF030B5D08}"
EndProject
Global
	GlobalSection(SolutionConfigurationPlatforms) = preSolution
		Debug|Any CPU = Debug|Any CPU
		Release|Any CPU = Release|Any CPU
	EndGlobalSection
	GlobalSection(ProjectConfigurationPlatforms) = postSolution
		{82076D18-42A5-41CE-ADA6-60CF030B5D08}.Debug|Any CPU.ActiveCfg = Debug|Any CPU
		{82076D18-42A5-41CE-ADA6-60CF030B5D08}.Debug|Any CPU.Build.0 = Debug|Any CPU
		{82076D18-42A5-41CE-ADA6-60CF030B5D08}.Release|Any CPU.ActiveCfg = Release|Any CPU
		{82076D18-42A5-41CE-ADA6-60CF030B5D08}.Release|Any CPU.Build.0 = Release|Any CPU
	EndGlobalSection
	GlobalSection(SolutionProperties) = preSolution
		HideSolutionNode = FALSE
	EndGlobalSection
	GlobalSection(ExtensibilityGlobals) = postSolution
		SolutionGuid = {2A6699CE-7000-4FE9-8C05-E5814E0FB644}
	EndGlobalSection
EndGlobal
