
Microsoft Visual Studio Solution File, Format Version 12.00
# Visual Studio 15
VisualStudioVersion = 15.0.27703.2042
MinimumVisualStudioVersion = 10.0.40219.1
Project("{FAE04EC0-301F-11D3-BF4B-00C04F79EFBC}") = "URI1007Diferenca", "URI1007Diferenca\URI1007Diferenca.csproj", "{6C076D03-D438-49C9-AF34-36AB573C0767}"
EndProject
Global
	GlobalSection(SolutionConfigurationPlatforms) = preSolution
		Debug|Any CPU = Debug|Any CPU
		Release|Any CPU = Release|Any CPU
	EndGlobalSection
	GlobalSection(ProjectConfigurationPlatforms) = postSolution
		{6C076D03-D438-49C9-AF34-36AB573C0767}.Debug|Any CPU.ActiveCfg = Debug|Any CPU
		{6C076D03-D438-49C9-AF34-36AB573C0767}.Debug|Any CPU.Build.0 = Debug|Any CPU
		{6C076D03-D438-49C9-AF34-36AB573C0767}.Release|Any CPU.ActiveCfg = Release|Any CPU
		{6C076D03-D438-49C9-AF34-36AB573C0767}.Release|Any CPU.Build.0 = Release|Any CPU
	EndGlobalSection
	GlobalSection(SolutionProperties) = preSolution
		HideSolutionNode = FALSE
	EndGlobalSection
	GlobalSection(ExtensibilityGlobals) = postSolution
		SolutionGuid = {11CA6093-41A2-4753-8BA3-371C5F3036C4}
	EndGlobalSection
EndGlobal
