
Microsoft Visual Studio Solution File, Format Version 12.00
# Visual Studio 15
VisualStudioVersion = 15.0.27703.2042
MinimumVisualStudioVersion = 10.0.40219.1
Project("{FAE04EC0-301F-11D3-BF4B-00C04F79EFBC}") = "URI1159SomaPares", "URI1159SomaPares.csproj", "{4B739D72-A120-48E8-A54B-040AF4E4A34A}"
EndProject
Global
	GlobalSection(SolutionConfigurationPlatforms) = preSolution
		Debug|Any CPU = Debug|Any CPU
		Release|Any CPU = Release|Any CPU
	EndGlobalSection
	GlobalSection(ProjectConfigurationPlatforms) = postSolution
		{4B739D72-A120-48E8-A54B-040AF4E4A34A}.Debug|Any CPU.ActiveCfg = Debug|Any CPU
		{4B739D72-A120-48E8-A54B-040AF4E4A34A}.Debug|Any CPU.Build.0 = Debug|Any CPU
		{4B739D72-A120-48E8-A54B-040AF4E4A34A}.Release|Any CPU.ActiveCfg = Release|Any CPU
		{4B739D72-A120-48E8-A54B-040AF4E4A34A}.Release|Any CPU.Build.0 = Release|Any CPU
	EndGlobalSection
	GlobalSection(SolutionProperties) = preSolution
		HideSolutionNode = FALSE
	EndGlobalSection
	GlobalSection(ExtensibilityGlobals) = postSolution
		SolutionGuid = {ED8AE981-48E3-4D0E-B1CE-C63998C19D5C}
	EndGlobalSection
EndGlobal
