
Microsoft Visual Studio Solution File, Format Version 12.00
# Visual Studio 15
VisualStudioVersion = 15.0.28307.168
MinimumVisualStudioVersion = 10.0.40219.1
Project("{FAE04EC0-301F-11D3-BF4B-00C04F79EFBC}") = "PlusMinus", "PlusMinus\PlusMinus.csproj", "{C36E18CC-0DF7-44DC-9686-A4586E6DC577}"
EndProject
Global
	GlobalSection(SolutionConfigurationPlatforms) = preSolution
		Debug|Any CPU = Debug|Any CPU
		Release|Any CPU = Release|Any CPU
	EndGlobalSection
	GlobalSection(ProjectConfigurationPlatforms) = postSolution
		{C36E18CC-0DF7-44DC-9686-A4586E6DC577}.Debug|Any CPU.ActiveCfg = Debug|Any CPU
		{C36E18CC-0DF7-44DC-9686-A4586E6DC577}.Debug|Any CPU.Build.0 = Debug|Any CPU
		{C36E18CC-0DF7-44DC-9686-A4586E6DC577}.Release|Any CPU.ActiveCfg = Release|Any CPU
		{C36E18CC-0DF7-44DC-9686-A4586E6DC577}.Release|Any CPU.Build.0 = Release|Any CPU
	EndGlobalSection
	GlobalSection(SolutionProperties) = preSolution
		HideSolutionNode = FALSE
	EndGlobalSection
	GlobalSection(ExtensibilityGlobals) = postSolution
		SolutionGuid = {95C7550D-1A47-440A-A23A-E3E72CD76A80}
	EndGlobalSection
EndGlobal
