
Microsoft Visual Studio Solution File, Format Version 12.00
# Visual Studio 15
VisualStudioVersion = 15.0.27703.2042
MinimumVisualStudioVersion = 10.0.40219.1
Project("{FAE04EC0-301F-11D3-BF4B-00C04F79EFBC}") = "URI1060Positivos", "URI1060Positivos.csproj", "{FB680887-6E94-4DB7-BAE2-27669B2E2AB7}"
EndProject
Global
	GlobalSection(SolutionConfigurationPlatforms) = preSolution
		Debug|Any CPU = Debug|Any CPU
		Release|Any CPU = Release|Any CPU
	EndGlobalSection
	GlobalSection(ProjectConfigurationPlatforms) = postSolution
		{FB680887-6E94-4DB7-BAE2-27669B2E2AB7}.Debug|Any CPU.ActiveCfg = Debug|Any CPU
		{FB680887-6E94-4DB7-BAE2-27669B2E2AB7}.Debug|Any CPU.Build.0 = Debug|Any CPU
		{FB680887-6E94-4DB7-BAE2-27669B2E2AB7}.Release|Any CPU.ActiveCfg = Release|Any CPU
		{FB680887-6E94-4DB7-BAE2-27669B2E2AB7}.Release|Any CPU.Build.0 = Release|Any CPU
	EndGlobalSection
	GlobalSection(SolutionProperties) = preSolution
		HideSolutionNode = FALSE
	EndGlobalSection
	GlobalSection(ExtensibilityGlobals) = postSolution
		SolutionGuid = {4DDF20CD-F918-4977-9E94-EC61D4481070}
	EndGlobalSection
EndGlobal
