
Microsoft Visual Studio Solution File, Format Version 12.00
# Visual Studio 15
VisualStudioVersion = 15.0.27703.2042
MinimumVisualStudioVersion = 10.0.40219.1
Project("{FAE04EC0-301F-11D3-BF4B-00C04F79EFBC}") = "URI1008Salario", "URI1008Salario\URI1008Salario.csproj", "{47CD6553-F608-4F92-B9E9-1C496E96D52E}"
EndProject
Global
	GlobalSection(SolutionConfigurationPlatforms) = preSolution
		Debug|Any CPU = Debug|Any CPU
		Release|Any CPU = Release|Any CPU
	EndGlobalSection
	GlobalSection(ProjectConfigurationPlatforms) = postSolution
		{47CD6553-F608-4F92-B9E9-1C496E96D52E}.Debug|Any CPU.ActiveCfg = Debug|Any CPU
		{47CD6553-F608-4F92-B9E9-1C496E96D52E}.Debug|Any CPU.Build.0 = Debug|Any CPU
		{47CD6553-F608-4F92-B9E9-1C496E96D52E}.Release|Any CPU.ActiveCfg = Release|Any CPU
		{47CD6553-F608-4F92-B9E9-1C496E96D52E}.Release|Any CPU.Build.0 = Release|Any CPU
	EndGlobalSection
	GlobalSection(SolutionProperties) = preSolution
		HideSolutionNode = FALSE
	EndGlobalSection
	GlobalSection(ExtensibilityGlobals) = postSolution
		SolutionGuid = {EF84FACE-EAD2-4695-BF29-BB11C4BE1BFF}
	EndGlobalSection
EndGlobal
