
Microsoft Visual Studio Solution File, Format Version 12.00
# Visual Studio 15
VisualStudioVersion = 15.0.27703.2042
MinimumVisualStudioVersion = 10.0.40219.1
Project("{FAE04EC0-301F-11D3-BF4B-00C04F79EFBC}") = "URI1037Intervalos", "URI1037Intervalos.csproj", "{F6DD06F6-8F7D-4F77-B371-C19B26A55B37}"
EndProject
Global
	GlobalSection(SolutionConfigurationPlatforms) = preSolution
		Debug|Any CPU = Debug|Any CPU
		Release|Any CPU = Release|Any CPU
	EndGlobalSection
	GlobalSection(ProjectConfigurationPlatforms) = postSolution
		{F6DD06F6-8F7D-4F77-B371-C19B26A55B37}.Debug|Any CPU.ActiveCfg = Debug|Any CPU
		{F6DD06F6-8F7D-4F77-B371-C19B26A55B37}.Debug|Any CPU.Build.0 = Debug|Any CPU
		{F6DD06F6-8F7D-4F77-B371-C19B26A55B37}.Release|Any CPU.ActiveCfg = Release|Any CPU
		{F6DD06F6-8F7D-4F77-B371-C19B26A55B37}.Release|Any CPU.Build.0 = Release|Any CPU
	EndGlobalSection
	GlobalSection(SolutionProperties) = preSolution
		HideSolutionNode = FALSE
	EndGlobalSection
	GlobalSection(ExtensibilityGlobals) = postSolution
		SolutionGuid = {BC0982AE-3BFE-4F05-A433-31C280F44FA7}
	EndGlobalSection
EndGlobal
