
Microsoft Visual Studio Solution File, Format Version 12.00
# Visual Studio 15
VisualStudioVersion = 15.0.27703.2042
MinimumVisualStudioVersion = 10.0.40219.1
Project("{FAE04EC0-301F-11D3-BF4B-00C04F79EFBC}") = "URI1142PUM", "URI1142PUM.csproj", "{C600A158-5FB9-42E4-9C25-6C830E6E9819}"
EndProject
Global
	GlobalSection(SolutionConfigurationPlatforms) = preSolution
		Debug|Any CPU = Debug|Any CPU
		Release|Any CPU = Release|Any CPU
	EndGlobalSection
	GlobalSection(ProjectConfigurationPlatforms) = postSolution
		{C600A158-5FB9-42E4-9C25-6C830E6E9819}.Debug|Any CPU.ActiveCfg = Debug|Any CPU
		{C600A158-5FB9-42E4-9C25-6C830E6E9819}.Debug|Any CPU.Build.0 = Debug|Any CPU
		{C600A158-5FB9-42E4-9C25-6C830E6E9819}.Release|Any CPU.ActiveCfg = Release|Any CPU
		{C600A158-5FB9-42E4-9C25-6C830E6E9819}.Release|Any CPU.Build.0 = Release|Any CPU
	EndGlobalSection
	GlobalSection(SolutionProperties) = preSolution
		HideSolutionNode = FALSE
	EndGlobalSection
	GlobalSection(ExtensibilityGlobals) = postSolution
		SolutionGuid = {47956018-C00B-4C0D-A03B-275697AC56CF}
	EndGlobalSection
EndGlobal
