
Microsoft Visual Studio Solution File, Format Version 12.00
# Visual Studio 15
VisualStudioVersion = 15.0.27703.2042
MinimumVisualStudioVersion = 10.0.40219.1
Project("{FAE04EC0-301F-11D3-BF4B-00C04F79EFBC}") = "URI1049Animal", "URI1049Animal.csproj", "{DF035D81-F62D-4A9A-8337-4EB9282E18FC}"
EndProject
Global
	GlobalSection(SolutionConfigurationPlatforms) = preSolution
		Debug|Any CPU = Debug|Any CPU
		Release|Any CPU = Release|Any CPU
	EndGlobalSection
	GlobalSection(ProjectConfigurationPlatforms) = postSolution
		{DF035D81-F62D-4A9A-8337-4EB9282E18FC}.Debug|Any CPU.ActiveCfg = Debug|Any CPU
		{DF035D81-F62D-4A9A-8337-4EB9282E18FC}.Debug|Any CPU.Build.0 = Debug|Any CPU
		{DF035D81-F62D-4A9A-8337-4EB9282E18FC}.Release|Any CPU.ActiveCfg = Release|Any CPU
		{DF035D81-F62D-4A9A-8337-4EB9282E18FC}.Release|Any CPU.Build.0 = Release|Any CPU
	EndGlobalSection
	GlobalSection(SolutionProperties) = preSolution
		HideSolutionNode = FALSE
	EndGlobalSection
	GlobalSection(ExtensibilityGlobals) = postSolution
		SolutionGuid = {1765809B-E902-46FF-BF1A-A0841AB1DFFD}
	EndGlobalSection
EndGlobal
