
Microsoft Visual Studio Solution File, Format Version 12.00
# Visual Studio 15
VisualStudioVersion = 15.0.27703.2042
MinimumVisualStudioVersion = 10.0.40219.1
Project("{FAE04EC0-301F-11D3-BF4B-00C04F79EFBC}") = "URI1098Sequencia4", "URI1098Sequencia4.csproj", "{ADCA78C3-B829-4182-8720-0AE5203701D5}"
EndProject
Global
	GlobalSection(SolutionConfigurationPlatforms) = preSolution
		Debug|Any CPU = Debug|Any CPU
		Release|Any CPU = Release|Any CPU
	EndGlobalSection
	GlobalSection(ProjectConfigurationPlatforms) = postSolution
		{ADCA78C3-B829-4182-8720-0AE5203701D5}.Debug|Any CPU.ActiveCfg = Debug|Any CPU
		{ADCA78C3-B829-4182-8720-0AE5203701D5}.Debug|Any CPU.Build.0 = Debug|Any CPU
		{ADCA78C3-B829-4182-8720-0AE5203701D5}.Release|Any CPU.ActiveCfg = Release|Any CPU
		{ADCA78C3-B829-4182-8720-0AE5203701D5}.Release|Any CPU.Build.0 = Release|Any CPU
	EndGlobalSection
	GlobalSection(SolutionProperties) = preSolution
		HideSolutionNode = FALSE
	EndGlobalSection
	GlobalSection(ExtensibilityGlobals) = postSolution
		SolutionGuid = {2EEE92FC-9ADB-4C0F-A601-5EA17E9EA6AD}
	EndGlobalSection
EndGlobal
