
Microsoft Visual Studio Solution File, Format Version 12.00
# Visual Studio 15
VisualStudioVersion = 15.0.27703.2042
MinimumVisualStudioVersion = 10.0.40219.1
Project("{FAE04EC0-301F-11D3-BF4B-00C04F79EFBC}") = "URI1157Divisores", "URI1157Divisores.csproj", "{349515A6-1002-4931-9617-5DA47F40F87F}"
EndProject
Global
	GlobalSection(SolutionConfigurationPlatforms) = preSolution
		Debug|Any CPU = Debug|Any CPU
		Release|Any CPU = Release|Any CPU
	EndGlobalSection
	GlobalSection(ProjectConfigurationPlatforms) = postSolution
		{349515A6-1002-4931-9617-5DA47F40F87F}.Debug|Any CPU.ActiveCfg = Debug|Any CPU
		{349515A6-1002-4931-9617-5DA47F40F87F}.Debug|Any CPU.Build.0 = Debug|Any CPU
		{349515A6-1002-4931-9617-5DA47F40F87F}.Release|Any CPU.ActiveCfg = Release|Any CPU
		{349515A6-1002-4931-9617-5DA47F40F87F}.Release|Any CPU.Build.0 = Release|Any CPU
	EndGlobalSection
	GlobalSection(SolutionProperties) = preSolution
		HideSolutionNode = FALSE
	EndGlobalSection
	GlobalSection(ExtensibilityGlobals) = postSolution
		SolutionGuid = {FE465E6F-C6B0-4F5E-9DE6-1DCF65F4B235}
	EndGlobalSection
EndGlobal
